
Microsoft Visual Studio Solution File, Format Version 12.00
# Visual Studio Version 17
VisualStudioVersion = 17.0.31919.166
MinimumVisualStudioVersion = 10.0.40219.1
Project("{FAE04EC0-301F-11D3-BF4B-00C04F79EFBC}") = "TedLiu.Demo", "TedLiu.Demo\TedLiu.Demo.csproj", "{23D33C62-234D-42CD-A9B4-90CB6E17FE2B}"
EndProject
Global
	GlobalSection(SolutionConfigurationPlatforms) = preSolution
		Debug|Any CPU = Debug|Any CPU
		Release|Any CPU = Release|Any CPU
	EndGlobalSection
	GlobalSection(ProjectConfigurationPlatforms) = postSolution
		{23D33C62-234D-42CD-A9B4-90CB6E17FE2B}.Debug|Any CPU.ActiveCfg = Debug|Any CPU
		{23D33C62-234D-42CD-A9B4-90CB6E17FE2B}.Debug|Any CPU.Build.0 = Debug|Any CPU
		{23D33C62-234D-42CD-A9B4-90CB6E17FE2B}.Release|Any CPU.ActiveCfg = Release|Any CPU
		{23D33C62-234D-42CD-A9B4-90CB6E17FE2B}.Release|Any CPU.Build.0 = Release|Any CPU
	EndGlobalSection
	GlobalSection(SolutionProperties) = preSolution
		HideSolutionNode = FALSE
	EndGlobalSection
	GlobalSection(ExtensibilityGlobals) = postSolution
		SolutionGuid = {C57D58AF-0597-4928-96DC-AACD4F68AF30}
	EndGlobalSection
EndGlobal
